
Microsoft Visual Studio Solution File, Format Version 12.00
# Visual Studio Version 16
VisualStudioVersion = 16.0.31005.135
MinimumVisualStudioVersion = 10.0.40219.1
Project("{8BC9CEB8-8B4A-11D0-8D11-00A0C91BC942}") = "TNAH-Engine", "src\TNAH-Engine.vcxproj", "{8558F3E4-C51A-405C-B082-87B08D9EAA55}"
EndProject
Global
	GlobalSection(SolutionConfigurationPlatforms) = preSolution
		Debug|x64 = Debug|x64
		Release|x64 = Release|x64
	EndGlobalSection
	GlobalSection(ProjectConfigurationPlatforms) = postSolution
		{8558F3E4-C51A-405C-B082-87B08D9EAA55}.Debug|x64.ActiveCfg = Debug|x64
		{8558F3E4-C51A-405C-B082-87B08D9EAA55}.Debug|x64.Build.0 = Debug|x64
		{8558F3E4-C51A-405C-B082-87B08D9EAA55}.Release|x64.ActiveCfg = Release|x64
		{8558F3E4-C51A-405C-B082-87B08D9EAA55}.Release|x64.Build.0 = Release|x64
	EndGlobalSection
	GlobalSection(SolutionProperties) = preSolution
		HideSolutionNode = FALSE
	EndGlobalSection
	GlobalSection(ExtensibilityGlobals) = postSolution
		SolutionGuid = {3C8B88A8-7037-4774-A55A-1C4BC1968698}
	EndGlobalSection
EndGlobal
