<?xml version="1.0" encoding="utf-8"?>
<Project ToolsVersion="4.0" xmlns="http://schemas.microsoft.com/developer/msbuild/2003">
  <ItemGroup>
    <Filter Include="Source Files">
      <UniqueIdentifier>{4FC737F1-C7A5-4376-A066-2A32D752A2FF}</UniqueIdentifier>
      <Extensions>cpp;c;cc;cxx;c++;cppm;ixx;def;odl;idl;hpj;bat;asm;asmx</Extensions>
    </Filter>
    <Filter Include="Header Files">
      <UniqueIdentifier>{93995380-89BD-4b04-88EB-625FBE52EBFB}</UniqueIdentifier>
      <Extensions>h;hh;hpp;hxx;h++;hm;inl;inc;ipp;xsd</Extensions>
    </Filter>
    <Filter Include="Resource Files">
      <UniqueIdentifier>{67DA6AB6-F800-4c08-8B7A-83BB121AAD01}</UniqueIdentifier>
      <Extensions>rc;ico;cur;bmp;dlg;rc2;rct;bin;rgs;gif;jpg;jpeg;jpe;resx;tiff;tif;png;wav;mfcribbon-ms</Extensions>
    </Filter>
  </ItemGroup>
  <ItemGroup>
    <ClCompile Include="src\TNAH\BoundingBox.cpp">
      <Filter>Source Files</Filter>
    </ClCompile>
    <ClCompile Include="src\TNAH\Buffer.cpp">
      <Filter>Source Files</Filter>
    </ClCompile>
    <ClCompile Include="src\TNAH\Callbacks.cpp">
      <Filter>Source Files</Filter>
    </ClCompile>
    <ClCompile Include="src\TNAH\Debugger.cpp">
      <Filter>Source Files</Filter>
    </ClCompile>
    <ClCompile Include="src\TNAH\DebugGUI.cpp">
      <Filter>Source Files</Filter>
    </ClCompile>
    <ClCompile Include="src\TNAH\DynamicEnum.cpp">
      <Filter>Source Files</Filter>
    </ClCompile>
    <ClCompile Include="src\TNAH\EndScreenGUI.cpp">
      <Filter>Source Files</Filter>
    </ClCompile>
    <ClCompile Include="src\TNAH\Enemy.cpp">
      <Filter>Source Files</Filter>
    </ClCompile>
    <ClCompile Include="src\TNAH\enemyStates.cpp">
      <Filter>Source Files</Filter>
    </ClCompile>
    <ClCompile Include="src\TNAH\Engine.cpp">
      <Filter>Source Files</Filter>
    </ClCompile>
    <ClCompile Include="src\TNAH\EntityManager.cpp">
      <Filter>Source Files</Filter>
    </ClCompile>
    <ClCompile Include="src\TNAH\ExitScreen.cpp">
      <Filter>Source Files</Filter>
    </ClCompile>
    <ClCompile Include="src\TNAH\Fbx.cpp">
      <Filter>Source Files</Filter>
    </ClCompile>
    <ClCompile Include="src\TNAH\GameAssetFactory.cpp">
      <Filter>Source Files</Filter>
    </ClCompile>
    <ClCompile Include="src\TNAH\GameGUI.cpp">
      <Filter>Source Files</Filter>
    </ClCompile>
    <ClCompile Include="src\TNAH\GameObject.cpp">
      <Filter>Source Files</Filter>
    </ClCompile>
    <ClCompile Include="src\TNAH\GameObjects.cpp">
      <Filter>Source Files</Filter>
    </ClCompile>
    <ClCompile Include="src\TNAH\GlfwWindow.cpp">
      <Filter>Source Files</Filter>
    </ClCompile>
    <ClCompile Include="src\TNAH\GUI.cpp">
      <Filter>Source Files</Filter>
    </ClCompile>
    <ClCompile Include="src\TNAH\Input.cpp">
      <Filter>Source Files</Filter>
    </ClCompile>
    <ClCompile Include="src\TNAH\luaManager.cpp">
      <Filter>Source Files</Filter>
    </ClCompile>
    <ClCompile Include="src\TNAH\MainMenuGUI.cpp">
      <Filter>Source Files</Filter>
    </ClCompile>
    <ClCompile Include="src\TNAH\Manager.cpp">
      <Filter>Source Files</Filter>
    </ClCompile>
    <ClCompile Include="src\TNAH\Md2.cpp">
      <Filter>Source Files</Filter>
    </ClCompile>
    <ClCompile Include="src\TNAH\Md2State.cpp">
      <Filter>Source Files</Filter>
    </ClCompile>
    <ClCompile Include="src\TNAH\MenuGUI.cpp">
      <Filter>Source Files</Filter>
    </ClCompile>
    <ClCompile Include="src\TNAH\Mesh.cpp">
      <Filter>Source Files</Filter>
    </ClCompile>
    <ClCompile Include="src\TNAH\MessageDispatcher.cpp">
      <Filter>Source Files</Filter>
    </ClCompile>
    <ClCompile Include="src\TNAH\Model.cpp">
      <Filter>Source Files</Filter>
    </ClCompile>
    <ClCompile Include="src\TNAH\OpenGL.cpp">
      <Filter>Source Files</Filter>
    </ClCompile>
    <ClCompile Include="src\TNAH\PhysicsEvents.cpp">
      <Filter>Source Files</Filter>
    </ClCompile>
    <ClCompile Include="src\TNAH\PhysicsManager.cpp">
      <Filter>Source Files</Filter>
    </ClCompile>
    <ClCompile Include="src\TNAH\Player.cpp">
      <Filter>Source Files</Filter>
    </ClCompile>
    <ClCompile Include="src\TNAH\playerStates.cpp">
      <Filter>Source Files</Filter>
    </ClCompile>
    <ClCompile Include="src\TNAH\Renderer.cpp">
      <Filter>Source Files</Filter>
    </ClCompile>
    <ClCompile Include="src\TNAH\Scene.cpp">
      <Filter>Source Files</Filter>
    </ClCompile>
    <ClCompile Include="src\TNAH\SettingsManager.cpp">
      <Filter>Source Files</Filter>
    </ClCompile>
    <ClCompile Include="src\TNAH\Shader.cpp">
      <Filter>Source Files</Filter>
    </ClCompile>
    <ClCompile Include="src\TNAH\Singleton.cpp">
      <Filter>Source Files</Filter>
    </ClCompile>
    <ClCompile Include="src\TNAH\SingletonHeaders.cpp">
      <Filter>Source Files</Filter>
    </ClCompile>
    <ClCompile Include="src\TNAH\SIngletons.cpp">
      <Filter>Source Files</Filter>
    </ClCompile>
    <ClCompile Include="src\TNAH\Skybox.cpp">
      <Filter>Source Files</Filter>
    </ClCompile>
    <ClCompile Include="src\TNAH\Static.cpp">
      <Filter>Source Files</Filter>
    </ClCompile>
    <ClCompile Include="src\TNAH\stb.cpp">
      <Filter>Source Files</Filter>
    </ClCompile>
    <ClCompile Include="src\TNAH\Telegram.cpp">
      <Filter>Source Files</Filter>
    </ClCompile>
    <ClCompile Include="src\TNAH\Terrain.cpp">
      <Filter>Source Files</Filter>
    </ClCompile>
    <ClCompile Include="src\TNAH\TextureLoader.cpp">
      <Filter>Source Files</Filter>
    </ClCompile>
    <ClCompile Include="src\TNAH\Time.cpp">
      <Filter>Source Files</Filter>
    </ClCompile>
    <ClCompile Include="src\TNAH\Timer.cpp">
      <Filter>Source Files</Filter>
    </ClCompile>
    <ClCompile Include="src\TNAH\Token.cpp">
      <Filter>Source Files</Filter>
    </ClCompile>
    <ClCompile Include="src\TNAH\View.cpp">
      <Filter>Source Files</Filter>
    </ClCompile>
    <ClCompile Include="src\TNAH\Water.cpp">
      <Filter>Source Files</Filter>
    </ClCompile>
    <ClCompile Include="src\TNAH\Weapon.cpp">
      <Filter>Source Files</Filter>
    </ClCompile>
    <ClCompile Include="src\TNAH\Window.cpp">
      <Filter>Source Files</Filter>
    </ClCompile>
    <ClCompile Include="src\TNAH\Application.cpp">
      <Filter>Source Files</Filter>
    </ClCompile>
    <ClCompile Include="src\TNAH\Log.cpp">
      <Filter>Source Files</Filter>
    </ClCompile>
    <ClCompile Include="src\tnahpch.cpp">
      <Filter>Source Files</Filter>
    </ClCompile>
    <ClCompile Include="src\Platform\OpenGL\imgui_impl_glfw.cpp">
      <Filter>Source Files</Filter>
    </ClCompile>
    <ClCompile Include="src\Platform\OpenGL\imgui_impl_opengl3.cpp">
      <Filter>Source Files</Filter>
    </ClCompile>
  </ItemGroup>
  <ItemGroup>
    <ClInclude Include="src\TNAH\BoundingBox.h">
      <Filter>Header Files</Filter>
    </ClInclude>
    <ClInclude Include="src\TNAH\Buffer.h">
      <Filter>Header Files</Filter>
    </ClInclude>
    <ClInclude Include="src\TNAH\Callbacks.h">
      <Filter>Header Files</Filter>
    </ClInclude>
    <ClInclude Include="src\TNAH\camera.h">
      <Filter>Header Files</Filter>
    </ClInclude>
    <ClInclude Include="src\TNAH\Debugger.h">
      <Filter>Header Files</Filter>
    </ClInclude>
    <ClInclude Include="src\TNAH\DebugGUI.h">
      <Filter>Header Files</Filter>
    </ClInclude>
    <ClInclude Include="src\TNAH\DynamicEnum.h">
      <Filter>Header Files</Filter>
    </ClInclude>
    <ClInclude Include="src\TNAH\EndScreenGUI.h">
      <Filter>Header Files</Filter>
    </ClInclude>
    <ClInclude Include="src\TNAH\Enemy.h">
      <Filter>Header Files</Filter>
    </ClInclude>
    <ClInclude Include="src\TNAH\enemyStates.h">
      <Filter>Header Files</Filter>
    </ClInclude>
    <ClInclude Include="src\TNAH\Engine.h">
      <Filter>Header Files</Filter>
    </ClInclude>
    <ClInclude Include="src\TNAH\EntityManager.h">
      <Filter>Header Files</Filter>
    </ClInclude>
    <ClInclude Include="src\TNAH\ExitScreen.h">
      <Filter>Header Files</Filter>
    </ClInclude>
    <ClInclude Include="src\TNAH\Fbx.h">
      <Filter>Header Files</Filter>
    </ClInclude>
    <ClInclude Include="src\TNAH\GameAssetFactory.h">
      <Filter>Header Files</Filter>
    </ClInclude>
    <ClInclude Include="src\TNAH\GameGUI.h">
      <Filter>Header Files</Filter>
    </ClInclude>
    <ClInclude Include="src\TNAH\GameObject.h">
      <Filter>Header Files</Filter>
    </ClInclude>
    <ClInclude Include="src\TNAH\GameObjects.h">
      <Filter>Header Files</Filter>
    </ClInclude>
    <ClInclude Include="src\TNAH\GlfwWindow.h">
      <Filter>Header Files</Filter>
    </ClInclude>
    <ClInclude Include="src\TNAH\GUI.h">
      <Filter>Header Files</Filter>
    </ClInclude>
    <ClInclude Include="src\TNAH\Input.h">
      <Filter>Header Files</Filter>
    </ClInclude>
    <ClInclude Include="src\TNAH\luaManager.h">
      <Filter>Header Files</Filter>
    </ClInclude>
    <ClInclude Include="src\TNAH\MainMenuGUI.h">
      <Filter>Header Files</Filter>
    </ClInclude>
    <ClInclude Include="src\TNAH\Manager.h">
      <Filter>Header Files</Filter>
    </ClInclude>
    <ClInclude Include="src\TNAH\Md2.h">
      <Filter>Header Files</Filter>
    </ClInclude>
    <ClInclude Include="src\TNAH\Md2State.h">
      <Filter>Header Files</Filter>
    </ClInclude>
    <ClInclude Include="src\TNAH\MenuGUI.h">
      <Filter>Header Files</Filter>
    </ClInclude>
    <ClInclude Include="src\TNAH\Mesh.h">
      <Filter>Header Files</Filter>
    </ClInclude>
    <ClInclude Include="src\TNAH\MessageDispatcher.h">
      <Filter>Header Files</Filter>
    </ClInclude>
    <ClInclude Include="src\TNAH\Model.h">
      <Filter>Header Files</Filter>
    </ClInclude>
    <ClInclude Include="src\TNAH\OpenGL.h">
      <Filter>Header Files</Filter>
    </ClInclude>
    <ClInclude Include="src\TNAH\PhysicsEvents.h">
      <Filter>Header Files</Filter>
    </ClInclude>
    <ClInclude Include="src\TNAH\PhysicsManager.h">
      <Filter>Header Files</Filter>
    </ClInclude>
    <ClInclude Include="src\TNAH\Player.h">
      <Filter>Header Files</Filter>
    </ClInclude>
    <ClInclude Include="src\TNAH\playerStates.h">
      <Filter>Header Files</Filter>
    </ClInclude>
    <ClInclude Include="src\TNAH\Renderer.h">
      <Filter>Header Files</Filter>
    </ClInclude>
    <ClInclude Include="src\TNAH\Scene.h">
      <Filter>Header Files</Filter>
    </ClInclude>
    <ClInclude Include="src\TNAH\SettingsManager.h">
      <Filter>Header Files</Filter>
    </ClInclude>
    <ClInclude Include="src\TNAH\Shader.h">
      <Filter>Header Files</Filter>
    </ClInclude>
    <ClInclude Include="src\TNAH\singleton.h">
      <Filter>Header Files</Filter>
    </ClInclude>
    <ClInclude Include="src\TNAH\SingletonHeaders.h">
      <Filter>Header Files</Filter>
    </ClInclude>
    <ClInclude Include="src\TNAH\SIngletons.h">
      <Filter>Header Files</Filter>
    </ClInclude>
    <ClInclude Include="src\TNAH\Skybox.h">
      <Filter>Header Files</Filter>
    </ClInclude>
    <ClInclude Include="src\TNAH\state.h">
      <Filter>Header Files</Filter>
    </ClInclude>
    <ClInclude Include="src\TNAH\stateMachine.h">
      <Filter>Header Files</Filter>
    </ClInclude>
    <ClInclude Include="src\TNAH\Static.h">
      <Filter>Header Files</Filter>
    </ClInclude>
    <ClInclude Include="src\TNAH\stb_image.h">
      <Filter>Header Files</Filter>
    </ClInclude>
    <ClInclude Include="src\TNAH\Telegram.h">
      <Filter>Header Files</Filter>
    </ClInclude>
    <ClInclude Include="src\TNAH\Terrain.h">
      <Filter>Header Files</Filter>
    </ClInclude>
    <ClInclude Include="src\TNAH\TextureLoader.h">
      <Filter>Header Files</Filter>
    </ClInclude>
    <ClInclude Include="src\TNAH\Time.h">
      <Filter>Header Files</Filter>
    </ClInclude>
    <ClInclude Include="src\TNAH\Timer.h">
      <Filter>Header Files</Filter>
    </ClInclude>
    <ClInclude Include="src\TNAH\Token.h">
      <Filter>Header Files</Filter>
    </ClInclude>
    <ClInclude Include="src\TNAH\View.h">
      <Filter>Header Files</Filter>
    </ClInclude>
    <ClInclude Include="src\TNAH\Water.h">
      <Filter>Header Files</Filter>
    </ClInclude>
    <ClInclude Include="src\TNAH\Weapon.h">
      <Filter>Header Files</Filter>
    </ClInclude>
    <ClInclude Include="src\TNAH\Window.h">
      <Filter>Header Files</Filter>
    </ClInclude>
    <ClInclude Include="src\TNAH\Windows.h">
      <Filter>Header Files</Filter>
    </ClInclude>
    <ClInclude Include="src\TNAH\Core.h">
      <Filter>Header Files</Filter>
    </ClInclude>
    <ClInclude Include="src\TNAH.h">
      <Filter>Header Files</Filter>
    </ClInclude>
    <ClInclude Include="src\TNAH\EntryPoint.h">
      <Filter>Header Files</Filter>
    </ClInclude>
    <ClInclude Include="src\TNAH\Application.h">
      <Filter>Header Files</Filter>
    </ClInclude>
    <ClInclude Include="src\TNAH\Log.h">
      <Filter>Header Files</Filter>
    </ClInclude>
    <ClInclude Include="src\tnahpch.h">
      <Filter>Header Files</Filter>
    </ClInclude>
    <ClInclude Include="src\Platform\OpenGL\imgui_impl_glfw.h">
      <Filter>Header Files</Filter>
    </ClInclude>
    <ClInclude Include="src\Platform\OpenGL\imgui_impl_opengl3.h">
      <Filter>Header Files</Filter>
    </ClInclude>
  </ItemGroup>
</Project>